
Microsoft Visual Studio Solution File, Format Version 12.00
# Visual Studio 15
VisualStudioVersion = 15.0.26730.12
MinimumVisualStudioVersion = 10.0.40219.1
Project("{8BC9CEB8-8B4A-11D0-8D11-00A0C91BC942}") = "ScheduleEditor", "ScheduleEditor\ScheduleEditor.vcxproj", "{964CD6D4-4096-4D5B-A0D5-D43C0290C8CE}"
EndProject
Project("{8BC9CEB8-8B4A-11D0-8D11-00A0C91BC942}") = "Test", "Test\Test.vcxproj", "{E3AC3A21-DD6A-4DCD-9144-3BBB6701575A}"
	ProjectSection(ProjectDependencies) = postProject
		{964CD6D4-4096-4D5B-A0D5-D43C0290C8CE} = {964CD6D4-4096-4D5B-A0D5-D43C0290C8CE}
	EndProjectSection
EndProject
Project("{8BC9CEB8-8B4A-11D0-8D11-00A0C91BC942}") = "GTest", "GTest\GTest.vcxproj", "{A53DF463-B3E6-495F-9243-568AD03D9926}"
EndProject
Project("{8BC9CEB8-8B4A-11D0-8D11-00A0C91BC942}") = "ScheduleEditorTest", "ScheduleEditorTest\ScheduleEditorTest.vcxproj", "{4F424D4D-A5A6-48E1-A07F-6A9559F20B1E}"
EndProject
Project("{8BC9CEB8-8B4A-11D0-8D11-00A0C91BC942}") = "ScheduleEditorTestUWP", "ScheduleEditorTestUWP\ScheduleEditorTestUWP.vcxproj", "{0C6776B9-7486-481A-9CFF-08D4447BF5C0}"
EndProject
Global
	GlobalSection(SolutionConfigurationPlatforms) = preSolution
		Debug|ARM = Debug|ARM
		Debug|x64 = Debug|x64
		Debug|x86 = Debug|x86
		Release|ARM = Release|ARM
		Release|x64 = Release|x64
		Release|x86 = Release|x86
		Test|ARM = Test|ARM
		Test|x64 = Test|x64
		Test|x86 = Test|x86
	EndGlobalSection
	GlobalSection(ProjectConfigurationPlatforms) = postSolution
		{964CD6D4-4096-4D5B-A0D5-D43C0290C8CE}.Debug|ARM.ActiveCfg = Debug|ARM
		{964CD6D4-4096-4D5B-A0D5-D43C0290C8CE}.Debug|ARM.Build.0 = Debug|ARM
		{964CD6D4-4096-4D5B-A0D5-D43C0290C8CE}.Debug|ARM.Deploy.0 = Debug|ARM
		{964CD6D4-4096-4D5B-A0D5-D43C0290C8CE}.Debug|x64.ActiveCfg = Debug|x64
		{964CD6D4-4096-4D5B-A0D5-D43C0290C8CE}.Debug|x64.Build.0 = Debug|x64
		{964CD6D4-4096-4D5B-A0D5-D43C0290C8CE}.Debug|x64.Deploy.0 = Debug|x64
		{964CD6D4-4096-4D5B-A0D5-D43C0290C8CE}.Debug|x86.ActiveCfg = Debug|Win32
		{964CD6D4-4096-4D5B-A0D5-D43C0290C8CE}.Debug|x86.Build.0 = Debug|Win32
		{964CD6D4-4096-4D5B-A0D5-D43C0290C8CE}.Debug|x86.Deploy.0 = Debug|Win32
		{964CD6D4-4096-4D5B-A0D5-D43C0290C8CE}.Release|ARM.ActiveCfg = Release|ARM
		{964CD6D4-4096-4D5B-A0D5-D43C0290C8CE}.Release|ARM.Build.0 = Release|ARM
		{964CD6D4-4096-4D5B-A0D5-D43C0290C8CE}.Release|ARM.Deploy.0 = Release|ARM
		{964CD6D4-4096-4D5B-A0D5-D43C0290C8CE}.Release|x64.ActiveCfg = Release|x64
		{964CD6D4-4096-4D5B-A0D5-D43C0290C8CE}.Release|x64.Build.0 = Release|x64
		{964CD6D4-4096-4D5B-A0D5-D43C0290C8CE}.Release|x64.Deploy.0 = Release|x64
		{964CD6D4-4096-4D5B-A0D5-D43C0290C8CE}.Release|x86.ActiveCfg = Release|Win32
		{964CD6D4-4096-4D5B-A0D5-D43C0290C8CE}.Release|x86.Build.0 = Release|Win32
		{964CD6D4-4096-4D5B-A0D5-D43C0290C8CE}.Release|x86.Deploy.0 = Release|Win32
		{964CD6D4-4096-4D5B-A0D5-D43C0290C8CE}.Test|ARM.ActiveCfg = Test|ARM
		{964CD6D4-4096-4D5B-A0D5-D43C0290C8CE}.Test|ARM.Build.0 = Test|ARM
		{964CD6D4-4096-4D5B-A0D5-D43C0290C8CE}.Test|ARM.Deploy.0 = Test|ARM
		{964CD6D4-4096-4D5B-A0D5-D43C0290C8CE}.Test|x64.ActiveCfg = Test|x64
		{964CD6D4-4096-4D5B-A0D5-D43C0290C8CE}.Test|x64.Build.0 = Test|x64
		{964CD6D4-4096-4D5B-A0D5-D43C0290C8CE}.Test|x86.ActiveCfg = Test|Win32
		{964CD6D4-4096-4D5B-A0D5-D43C0290C8CE}.Test|x86.Build.0 = Test|Win32
		{964CD6D4-4096-4D5B-A0D5-D43C0290C8CE}.Test|x86.Deploy.0 = Test|Win32
		{E3AC3A21-DD6A-4DCD-9144-3BBB6701575A}.Debug|ARM.ActiveCfg = Debug|Win32
		{E3AC3A21-DD6A-4DCD-9144-3BBB6701575A}.Debug|x64.ActiveCfg = Debug|x64
		{E3AC3A21-DD6A-4DCD-9144-3BBB6701575A}.Debug|x64.Build.0 = Debug|x64
		{E3AC3A21-DD6A-4DCD-9144-3BBB6701575A}.Debug|x86.ActiveCfg = Debug|Win32
		{E3AC3A21-DD6A-4DCD-9144-3BBB6701575A}.Debug|x86.Build.0 = Debug|Win32
		{E3AC3A21-DD6A-4DCD-9144-3BBB6701575A}.Release|ARM.ActiveCfg = Release|Win32
		{E3AC3A21-DD6A-4DCD-9144-3BBB6701575A}.Release|x64.ActiveCfg = Release|x64
		{E3AC3A21-DD6A-4DCD-9144-3BBB6701575A}.Release|x64.Build.0 = Release|x64
		{E3AC3A21-DD6A-4DCD-9144-3BBB6701575A}.Release|x86.ActiveCfg = Release|Win32
		{E3AC3A21-DD6A-4DCD-9144-3BBB6701575A}.Release|x86.Build.0 = Release|Win32
		{E3AC3A21-DD6A-4DCD-9144-3BBB6701575A}.Test|ARM.ActiveCfg = Test|Win32
		{E3AC3A21-DD6A-4DCD-9144-3BBB6701575A}.Test|x64.ActiveCfg = Test|x64
		{E3AC3A21-DD6A-4DCD-9144-3BBB6701575A}.Test|x64.Build.0 = Test|x64
		{E3AC3A21-DD6A-4DCD-9144-3BBB6701575A}.Test|x86.ActiveCfg = Test|Win32
		{E3AC3A21-DD6A-4DCD-9144-3BBB6701575A}.Test|x86.Build.0 = Test|Win32
		{A53DF463-B3E6-495F-9243-568AD03D9926}.Debug|ARM.ActiveCfg = Debug|Win32
		{A53DF463-B3E6-495F-9243-568AD03D9926}.Debug|x64.ActiveCfg = Debug|x64
		{A53DF463-B3E6-495F-9243-568AD03D9926}.Debug|x64.Build.0 = Debug|x64
		{A53DF463-B3E6-495F-9243-568AD03D9926}.Debug|x86.ActiveCfg = Debug|Win32
		{A53DF463-B3E6-495F-9243-568AD03D9926}.Debug|x86.Build.0 = Debug|Win32
		{A53DF463-B3E6-495F-9243-568AD03D9926}.Release|ARM.ActiveCfg = Release|Win32
		{A53DF463-B3E6-495F-9243-568AD03D9926}.Release|x64.ActiveCfg = Release|x64
		{A53DF463-B3E6-495F-9243-568AD03D9926}.Release|x64.Build.0 = Release|x64
		{A53DF463-B3E6-495F-9243-568AD03D9926}.Release|x86.ActiveCfg = Release|Win32
		{A53DF463-B3E6-495F-9243-568AD03D9926}.Release|x86.Build.0 = Release|Win32
		{A53DF463-B3E6-495F-9243-568AD03D9926}.Test|ARM.ActiveCfg = Release|x64
		{A53DF463-B3E6-495F-9243-568AD03D9926}.Test|ARM.Build.0 = Release|x64
		{A53DF463-B3E6-495F-9243-568AD03D9926}.Test|x64.ActiveCfg = Release|x64
		{A53DF463-B3E6-495F-9243-568AD03D9926}.Test|x64.Build.0 = Release|x64
		{A53DF463-B3E6-495F-9243-568AD03D9926}.Test|x86.ActiveCfg = Release|Win32
		{A53DF463-B3E6-495F-9243-568AD03D9926}.Test|x86.Build.0 = Release|Win32
		{4F424D4D-A5A6-48E1-A07F-6A9559F20B1E}.Debug|ARM.ActiveCfg = Debug|Win32
		{4F424D4D-A5A6-48E1-A07F-6A9559F20B1E}.Debug|x64.ActiveCfg = Debug|x64
		{4F424D4D-A5A6-48E1-A07F-6A9559F20B1E}.Debug|x64.Build.0 = Debug|x64
		{4F424D4D-A5A6-48E1-A07F-6A9559F20B1E}.Debug|x86.ActiveCfg = Debug|Win32
		{4F424D4D-A5A6-48E1-A07F-6A9559F20B1E}.Debug|x86.Build.0 = Debug|Win32
		{4F424D4D-A5A6-48E1-A07F-6A9559F20B1E}.Release|ARM.ActiveCfg = Release|Win32
		{4F424D4D-A5A6-48E1-A07F-6A9559F20B1E}.Release|x64.ActiveCfg = Release|x64
		{4F424D4D-A5A6-48E1-A07F-6A9559F20B1E}.Release|x64.Build.0 = Release|x64
		{4F424D4D-A5A6-48E1-A07F-6A9559F20B1E}.Release|x86.ActiveCfg = Release|Win32
		{4F424D4D-A5A6-48E1-A07F-6A9559F20B1E}.Release|x86.Build.0 = Release|Win32
		{4F424D4D-A5A6-48E1-A07F-6A9559F20B1E}.Test|ARM.ActiveCfg = Release|x64
		{4F424D4D-A5A6-48E1-A07F-6A9559F20B1E}.Test|ARM.Build.0 = Release|x64
		{4F424D4D-A5A6-48E1-A07F-6A9559F20B1E}.Test|x64.ActiveCfg = Release|x64
		{4F424D4D-A5A6-48E1-A07F-6A9559F20B1E}.Test|x64.Build.0 = Release|x64
		{4F424D4D-A5A6-48E1-A07F-6A9559F20B1E}.Test|x86.ActiveCfg = Release|Win32
		{4F424D4D-A5A6-48E1-A07F-6A9559F20B1E}.Test|x86.Build.0 = Release|Win32
		{0C6776B9-7486-481A-9CFF-08D4447BF5C0}.Debug|ARM.ActiveCfg = Debug|ARM
		{0C6776B9-7486-481A-9CFF-08D4447BF5C0}.Debug|ARM.Build.0 = Debug|ARM
		{0C6776B9-7486-481A-9CFF-08D4447BF5C0}.Debug|ARM.Deploy.0 = Debug|ARM
		{0C6776B9-7486-481A-9CFF-08D4447BF5C0}.Debug|x64.ActiveCfg = Debug|x64
		{0C6776B9-7486-481A-9CFF-08D4447BF5C0}.Debug|x64.Build.0 = Debug|x64
		{0C6776B9-7486-481A-9CFF-08D4447BF5C0}.Debug|x64.Deploy.0 = Debug|x64
		{0C6776B9-7486-481A-9CFF-08D4447BF5C0}.Debug|x86.ActiveCfg = Debug|Win32
		{0C6776B9-7486-481A-9CFF-08D4447BF5C0}.Debug|x86.Build.0 = Debug|Win32
		{0C6776B9-7486-481A-9CFF-08D4447BF5C0}.Debug|x86.Deploy.0 = Debug|Win32
		{0C6776B9-7486-481A-9CFF-08D4447BF5C0}.Release|ARM.ActiveCfg = Release|ARM
		{0C6776B9-7486-481A-9CFF-08D4447BF5C0}.Release|ARM.Build.0 = Release|ARM
		{0C6776B9-7486-481A-9CFF-08D4447BF5C0}.Release|ARM.Deploy.0 = Release|ARM
		{0C6776B9-7486-481A-9CFF-08D4447BF5C0}.Release|x64.ActiveCfg = Release|x64
		{0C6776B9-7486-481A-9CFF-08D4447BF5C0}.Release|x64.Build.0 = Release|x64
		{0C6776B9-7486-481A-9CFF-08D4447BF5C0}.Release|x64.Deploy.0 = Release|x64
		{0C6776B9-7486-481A-9CFF-08D4447BF5C0}.Release|x86.ActiveCfg = Release|Win32
		{0C6776B9-7486-481A-9CFF-08D4447BF5C0}.Release|x86.Build.0 = Release|Win32
		{0C6776B9-7486-481A-9CFF-08D4447BF5C0}.Release|x86.Deploy.0 = Release|Win32
		{0C6776B9-7486-481A-9CFF-08D4447BF5C0}.Test|ARM.ActiveCfg = Release|ARM
		{0C6776B9-7486-481A-9CFF-08D4447BF5C0}.Test|ARM.Build.0 = Release|ARM
		{0C6776B9-7486-481A-9CFF-08D4447BF5C0}.Test|ARM.Deploy.0 = Release|ARM
		{0C6776B9-7486-481A-9CFF-08D4447BF5C0}.Test|x64.ActiveCfg = Release|x64
		{0C6776B9-7486-481A-9CFF-08D4447BF5C0}.Test|x64.Build.0 = Release|x64
		{0C6776B9-7486-481A-9CFF-08D4447BF5C0}.Test|x64.Deploy.0 = Release|x64
		{0C6776B9-7486-481A-9CFF-08D4447BF5C0}.Test|x86.ActiveCfg = Release|Win32
		{0C6776B9-7486-481A-9CFF-08D4447BF5C0}.Test|x86.Build.0 = Release|Win32
		{0C6776B9-7486-481A-9CFF-08D4447BF5C0}.Test|x86.Deploy.0 = Release|Win32
	EndGlobalSection
	GlobalSection(SolutionProperties) = preSolution
		HideSolutionNode = FALSE
	EndGlobalSection
	GlobalSection(ExtensibilityGlobals) = postSolution
		SolutionGuid = {D4A74F78-047C-490F-B7BF-CA401A80988E}
	EndGlobalSection
EndGlobal
