
Microsoft Visual Studio Solution File, Format Version 12.00
# Visual Studio 15
VisualStudioVersion = 15.0.27004.2002
MinimumVisualStudioVersion = 10.0.40219.1
Project("{8BC9CEB8-8B4A-11D0-8D11-00A0C91BC942}") = "ScheduleEditor", "ScheduleEditor\ScheduleEditor.vcxproj", "{964CD6D4-4096-4D5B-A0D5-D43C0290C8CE}"
	ProjectSection(ProjectDependencies) = postProject
		{9C4F4E08-04AE-48A7-A2C0-7D63ACD1BA5A} = {9C4F4E08-04AE-48A7-A2C0-7D63ACD1BA5A}
	EndProjectSection
EndProject
Project("{8BC9CEB8-8B4A-11D0-8D11-00A0C91BC942}") = "Model", "Model\Model.vcxproj", "{9C4F4E08-04AE-48A7-A2C0-7D63ACD1BA5A}"
EndProject
Project("{8BC9CEB8-8B4A-11D0-8D11-00A0C91BC942}") = "ModelTest", "ModelTest\ModelTest.vcxproj", "{22CC63E2-69C8-475A-9153-F61AFD8AA450}"
	ProjectSection(ProjectDependencies) = postProject
		{9C4F4E08-04AE-48A7-A2C0-7D63ACD1BA5A} = {9C4F4E08-04AE-48A7-A2C0-7D63ACD1BA5A}
	EndProjectSection
EndProject
Global
	GlobalSection(SolutionConfigurationPlatforms) = preSolution
		Debug|ARM = Debug|ARM
		Debug|x64 = Debug|x64
		Debug|x86 = Debug|x86
		Release|ARM = Release|ARM
		Release|x64 = Release|x64
		Release|x86 = Release|x86
		Test|ARM = Test|ARM
		Test|x64 = Test|x64
		Test|x86 = Test|x86
	EndGlobalSection
	GlobalSection(ProjectConfigurationPlatforms) = postSolution
		{964CD6D4-4096-4D5B-A0D5-D43C0290C8CE}.Debug|ARM.ActiveCfg = Debug|ARM
		{964CD6D4-4096-4D5B-A0D5-D43C0290C8CE}.Debug|ARM.Build.0 = Debug|ARM
		{964CD6D4-4096-4D5B-A0D5-D43C0290C8CE}.Debug|ARM.Deploy.0 = Debug|ARM
		{964CD6D4-4096-4D5B-A0D5-D43C0290C8CE}.Debug|x64.ActiveCfg = Debug|x64
		{964CD6D4-4096-4D5B-A0D5-D43C0290C8CE}.Debug|x64.Build.0 = Debug|x64
		{964CD6D4-4096-4D5B-A0D5-D43C0290C8CE}.Debug|x64.Deploy.0 = Debug|x64
		{964CD6D4-4096-4D5B-A0D5-D43C0290C8CE}.Debug|x86.ActiveCfg = Debug|Win32
		{964CD6D4-4096-4D5B-A0D5-D43C0290C8CE}.Debug|x86.Build.0 = Debug|Win32
		{964CD6D4-4096-4D5B-A0D5-D43C0290C8CE}.Debug|x86.Deploy.0 = Debug|Win32
		{964CD6D4-4096-4D5B-A0D5-D43C0290C8CE}.Release|ARM.ActiveCfg = Release|ARM
		{964CD6D4-4096-4D5B-A0D5-D43C0290C8CE}.Release|ARM.Build.0 = Release|ARM
		{964CD6D4-4096-4D5B-A0D5-D43C0290C8CE}.Release|ARM.Deploy.0 = Release|ARM
		{964CD6D4-4096-4D5B-A0D5-D43C0290C8CE}.Release|x64.ActiveCfg = Release|x64
		{964CD6D4-4096-4D5B-A0D5-D43C0290C8CE}.Release|x64.Build.0 = Release|x64
		{964CD6D4-4096-4D5B-A0D5-D43C0290C8CE}.Release|x64.Deploy.0 = Release|x64
		{964CD6D4-4096-4D5B-A0D5-D43C0290C8CE}.Release|x86.ActiveCfg = Release|Win32
		{964CD6D4-4096-4D5B-A0D5-D43C0290C8CE}.Release|x86.Build.0 = Release|Win32
		{964CD6D4-4096-4D5B-A0D5-D43C0290C8CE}.Release|x86.Deploy.0 = Release|Win32
		{964CD6D4-4096-4D5B-A0D5-D43C0290C8CE}.Test|ARM.ActiveCfg = Test|ARM
		{964CD6D4-4096-4D5B-A0D5-D43C0290C8CE}.Test|ARM.Build.0 = Test|ARM
		{964CD6D4-4096-4D5B-A0D5-D43C0290C8CE}.Test|ARM.Deploy.0 = Test|ARM
		{964CD6D4-4096-4D5B-A0D5-D43C0290C8CE}.Test|x64.ActiveCfg = Test|x64
		{964CD6D4-4096-4D5B-A0D5-D43C0290C8CE}.Test|x64.Build.0 = Test|x64
		{964CD6D4-4096-4D5B-A0D5-D43C0290C8CE}.Test|x86.ActiveCfg = Test|Win32
		{964CD6D4-4096-4D5B-A0D5-D43C0290C8CE}.Test|x86.Build.0 = Test|Win32
		{964CD6D4-4096-4D5B-A0D5-D43C0290C8CE}.Test|x86.Deploy.0 = Test|Win32
		{9C4F4E08-04AE-48A7-A2C0-7D63ACD1BA5A}.Debug|ARM.ActiveCfg = Debug|ARM
		{9C4F4E08-04AE-48A7-A2C0-7D63ACD1BA5A}.Debug|ARM.Build.0 = Debug|ARM
		{9C4F4E08-04AE-48A7-A2C0-7D63ACD1BA5A}.Debug|x64.ActiveCfg = Debug|x64
		{9C4F4E08-04AE-48A7-A2C0-7D63ACD1BA5A}.Debug|x64.Build.0 = Debug|x64
		{9C4F4E08-04AE-48A7-A2C0-7D63ACD1BA5A}.Debug|x86.ActiveCfg = Debug|Win32
		{9C4F4E08-04AE-48A7-A2C0-7D63ACD1BA5A}.Debug|x86.Build.0 = Debug|Win32
		{9C4F4E08-04AE-48A7-A2C0-7D63ACD1BA5A}.Release|ARM.ActiveCfg = Release|ARM
		{9C4F4E08-04AE-48A7-A2C0-7D63ACD1BA5A}.Release|ARM.Build.0 = Release|ARM
		{9C4F4E08-04AE-48A7-A2C0-7D63ACD1BA5A}.Release|x64.ActiveCfg = Release|x64
		{9C4F4E08-04AE-48A7-A2C0-7D63ACD1BA5A}.Release|x64.Build.0 = Release|x64
		{9C4F4E08-04AE-48A7-A2C0-7D63ACD1BA5A}.Release|x86.ActiveCfg = Release|Win32
		{9C4F4E08-04AE-48A7-A2C0-7D63ACD1BA5A}.Release|x86.Build.0 = Release|Win32
		{9C4F4E08-04AE-48A7-A2C0-7D63ACD1BA5A}.Test|ARM.ActiveCfg = Release|ARM
		{9C4F4E08-04AE-48A7-A2C0-7D63ACD1BA5A}.Test|ARM.Build.0 = Release|ARM
		{9C4F4E08-04AE-48A7-A2C0-7D63ACD1BA5A}.Test|x64.ActiveCfg = Release|x64
		{9C4F4E08-04AE-48A7-A2C0-7D63ACD1BA5A}.Test|x64.Build.0 = Release|x64
		{9C4F4E08-04AE-48A7-A2C0-7D63ACD1BA5A}.Test|x86.ActiveCfg = Release|Win32
		{9C4F4E08-04AE-48A7-A2C0-7D63ACD1BA5A}.Test|x86.Build.0 = Release|Win32
		{22CC63E2-69C8-475A-9153-F61AFD8AA450}.Debug|ARM.ActiveCfg = Debug|ARM
		{22CC63E2-69C8-475A-9153-F61AFD8AA450}.Debug|ARM.Build.0 = Debug|ARM
		{22CC63E2-69C8-475A-9153-F61AFD8AA450}.Debug|ARM.Deploy.0 = Debug|ARM
		{22CC63E2-69C8-475A-9153-F61AFD8AA450}.Debug|x64.ActiveCfg = Debug|x64
		{22CC63E2-69C8-475A-9153-F61AFD8AA450}.Debug|x64.Build.0 = Debug|x64
		{22CC63E2-69C8-475A-9153-F61AFD8AA450}.Debug|x64.Deploy.0 = Debug|x64
		{22CC63E2-69C8-475A-9153-F61AFD8AA450}.Debug|x86.ActiveCfg = Debug|Win32
		{22CC63E2-69C8-475A-9153-F61AFD8AA450}.Debug|x86.Build.0 = Debug|Win32
		{22CC63E2-69C8-475A-9153-F61AFD8AA450}.Debug|x86.Deploy.0 = Debug|Win32
		{22CC63E2-69C8-475A-9153-F61AFD8AA450}.Release|ARM.ActiveCfg = Release|ARM
		{22CC63E2-69C8-475A-9153-F61AFD8AA450}.Release|ARM.Build.0 = Release|ARM
		{22CC63E2-69C8-475A-9153-F61AFD8AA450}.Release|ARM.Deploy.0 = Release|ARM
		{22CC63E2-69C8-475A-9153-F61AFD8AA450}.Release|x64.ActiveCfg = Release|x64
		{22CC63E2-69C8-475A-9153-F61AFD8AA450}.Release|x64.Build.0 = Release|x64
		{22CC63E2-69C8-475A-9153-F61AFD8AA450}.Release|x64.Deploy.0 = Release|x64
		{22CC63E2-69C8-475A-9153-F61AFD8AA450}.Release|x86.ActiveCfg = Release|Win32
		{22CC63E2-69C8-475A-9153-F61AFD8AA450}.Release|x86.Build.0 = Release|Win32
		{22CC63E2-69C8-475A-9153-F61AFD8AA450}.Release|x86.Deploy.0 = Release|Win32
		{22CC63E2-69C8-475A-9153-F61AFD8AA450}.Test|ARM.ActiveCfg = Release|ARM
		{22CC63E2-69C8-475A-9153-F61AFD8AA450}.Test|ARM.Build.0 = Release|ARM
		{22CC63E2-69C8-475A-9153-F61AFD8AA450}.Test|ARM.Deploy.0 = Release|ARM
		{22CC63E2-69C8-475A-9153-F61AFD8AA450}.Test|x64.ActiveCfg = Release|x64
		{22CC63E2-69C8-475A-9153-F61AFD8AA450}.Test|x64.Build.0 = Release|x64
		{22CC63E2-69C8-475A-9153-F61AFD8AA450}.Test|x64.Deploy.0 = Release|x64
		{22CC63E2-69C8-475A-9153-F61AFD8AA450}.Test|x86.ActiveCfg = Release|Win32
		{22CC63E2-69C8-475A-9153-F61AFD8AA450}.Test|x86.Build.0 = Release|Win32
		{22CC63E2-69C8-475A-9153-F61AFD8AA450}.Test|x86.Deploy.0 = Release|Win32
	EndGlobalSection
	GlobalSection(SolutionProperties) = preSolution
		HideSolutionNode = FALSE
	EndGlobalSection
	GlobalSection(ExtensibilityGlobals) = postSolution
		SolutionGuid = {D4A74F78-047C-490F-B7BF-CA401A80988E}
	EndGlobalSection
EndGlobal
