<?xml version="1.0" encoding="utf-8"?>
<Project ToolsVersion="15.0" xmlns="http://schemas.microsoft.com/developer/msbuild/2003">
  <ItemGroup>
    <Filter Include="Common">
      <UniqueIdentifier>964cd6d4-4096-4d5b-a0d5-d43c0290c8ce</UniqueIdentifier>
    </Filter>
    <Filter Include="Assets">
      <UniqueIdentifier>e1e0f40f-e9b9-4f0a-8e3b-328144a904a2</UniqueIdentifier>
      <Extensions>bmp;fbx;gif;jpg;jpeg;tga;tiff;tif;png</Extensions>
    </Filter>
    <Filter Include="Model">
      <UniqueIdentifier>{e7ea8738-e81a-4f26-871d-9024b94b372e}</UniqueIdentifier>
    </Filter>
  </ItemGroup>
  <ItemGroup>
    <ClCompile Include="pch.cpp" />
    <ClCompile Include="main.cpp" />
    <ClCompile Include="AppUI.cpp" />
    <ClCompile Include="ResourceView.cpp" />
    <ClCompile Include="Model\Properties.PropertyMap.cpp">
      <Filter>Model</Filter>
    </ClCompile>
    <ClCompile Include="Model\Properties.PropertyTemplate.cpp">
      <Filter>Model</Filter>
    </ClCompile>
    <ClCompile Include="Model\Resources.cpp">
      <Filter>Model</Filter>
    </ClCompile>
    <ClCompile Include="Model\Resources.Resource.cpp">
      <Filter>Model</Filter>
    </ClCompile>
    <ClCompile Include="Model\Resources.ResourceGroup.cpp">
      <Filter>Model</Filter>
    </ClCompile>
    <ClCompile Include="Model\Resources.ResourceType.cpp">
      <Filter>Model</Filter>
    </ClCompile>
    <ClCompile Include="Model\Slots.SlotGroup.cpp">
      <Filter>Model</Filter>
    </ClCompile>
    <ClCompile Include="Model\Model.cpp" />
    <ClCompile Include="Model\Slots.Slot.cpp">
      <Filter>Model</Filter>
    </ClCompile>
    <ClCompile Include="Model\Data.DataModel.cpp" />
    <ClCompile Include="Model\Data.Detail\Events.cpp" />
    <ClCompile Include="Model\Data.Detail\EventsEditor.cpp" />
    <ClCompile Include="Model\Range.Range.cpp">
      <Filter>Model</Filter>
    </ClCompile>
  </ItemGroup>
  <ItemGroup>
    <ClInclude Include="pch.h" />
    <ClInclude Include="AppUI.h" />
    <ClInclude Include="ResourceView.h" />
    <ClInclude Include="Model\Properties.h">
      <Filter>Model</Filter>
    </ClInclude>
    <ClInclude Include="Model\Properties.PropertyMap.h">
      <Filter>Model</Filter>
    </ClInclude>
    <ClInclude Include="Model\Properties.PropertyTemplate.h">
      <Filter>Model</Filter>
    </ClInclude>
    <ClInclude Include="Model\Data.h">
      <Filter>Model</Filter>
    </ClInclude>
    <ClInclude Include="Model\Model.h">
      <Filter>Model</Filter>
    </ClInclude>
    <ClInclude Include="Model\Range.Data.h">
      <Filter>Model</Filter>
    </ClInclude>
    <ClInclude Include="Model\Resources.h">
      <Filter>Model</Filter>
    </ClInclude>
    <ClInclude Include="Model\Resources.Resource.h">
      <Filter>Model</Filter>
    </ClInclude>
    <ClInclude Include="Model\Resources.ResourceGroup.h">
      <Filter>Model</Filter>
    </ClInclude>
    <ClInclude Include="Model\Resources.ResourceType.h">
      <Filter>Model</Filter>
    </ClInclude>
    <ClInclude Include="Model\TimeDuration.h" />
    <ClInclude Include="Model\Slots.SlotGroup.h">
      <Filter>Model</Filter>
    </ClInclude>
    <ClInclude Include="Model\Properties.HasProperties.h" />
    <ClInclude Include="Model\Slots.Slot.h">
      <Filter>Model</Filter>
    </ClInclude>
    <ClInclude Include="Model\Range.Event.h" />
    <ClInclude Include="Model\Range.RawData.h" />
    <ClInclude Include="Model\Data.Range.SlotView.h" />
    <ClInclude Include="Model\Data.Detail\Event.h" />
    <ClInclude Include="Model\Data.Detail\Events.h" />
    <ClInclude Include="Model\Data.Detail\Helpers.h" />
    <ClInclude Include="Model\Data.RawEvents.h" />
    <ClInclude Include="Model\ModelIndex.h" />
    <ClInclude Include="Model\Data.DataModel.h" />
    <ClInclude Include="Model\Data.Event.h" />
    <ClInclude Include="Model\Data.Detail\EventsEditor.h" />
    <ClInclude Include="Model\Range.Range.h">
      <Filter>Model</Filter>
    </ClInclude>
  </ItemGroup>
  <ItemGroup>
    <Image Include="Assets\LockScreenLogo.scale-200.png">
      <Filter>Assets</Filter>
    </Image>
    <Image Include="Assets\SplashScreen.scale-200.png">
      <Filter>Assets</Filter>
    </Image>
    <Image Include="Assets\Square150x150Logo.scale-200.png">
      <Filter>Assets</Filter>
    </Image>
    <Image Include="Assets\Square44x44Logo.scale-200.png">
      <Filter>Assets</Filter>
    </Image>
    <Image Include="Assets\Square44x44Logo.targetsize-24_altform-unplated.png">
      <Filter>Assets</Filter>
    </Image>
    <Image Include="Assets\StoreLogo.png">
      <Filter>Assets</Filter>
    </Image>
    <Image Include="Assets\Wide310x150Logo.scale-200.png">
      <Filter>Assets</Filter>
    </Image>
  </ItemGroup>
  <ItemGroup>
    <AppxManifest Include="Package.appxmanifest" />
  </ItemGroup>
  <ItemGroup>
    <None Include="ScheduleEditor_TemporaryKey.pfx" />
  </ItemGroup>
</Project>